
Microsoft Visual Studio Solution File, Format Version 12.00
# Visual Studio Version 17
VisualStudioVersion = 17.4.33213.308
MinimumVisualStudioVersion = 10.0.40219.1
Project("{FAE04EC0-301F-11D3-BF4B-00C04F79EFBC}") = "MyNamespace", "MyNamespace.csproj", "{9FED1B45-29B2-4C78-8A58-BB10AB79DCD7}"
EndProject
Global
	GlobalSection(SolutionConfigurationPlatforms) = preSolution
		Debug|Any CPU = Debug|Any CPU
		Release|Any CPU = Release|Any CPU
	EndGlobalSection
	GlobalSection(ProjectConfigurationPlatforms) = postSolution
		{9FED1B45-29B2-4C78-8A58-BB10AB79DCD7}.Debug|Any CPU.ActiveCfg = Debug|Any CPU
		{9FED1B45-29B2-4C78-8A58-BB10AB79DCD7}.Debug|Any CPU.Build.0 = Debug|Any CPU
		{9FED1B45-29B2-4C78-8A58-BB10AB79DCD7}.Release|Any CPU.ActiveCfg = Release|Any CPU
		{9FED1B45-29B2-4C78-8A58-BB10AB79DCD7}.Release|Any CPU.Build.0 = Release|Any CPU
	EndGlobalSection
	GlobalSection(SolutionProperties) = preSolution
		HideSolutionNode = FALSE
	EndGlobalSection
	GlobalSection(ExtensibilityGlobals) = postSolution
		SolutionGuid = {830F61B6-5EFA-4DDB-9C91-00D453B82231}
	EndGlobalSection
EndGlobal
